
Microsoft Visual Studio Solution File, Format Version 12.00
# Visual Studio Version 17
VisualStudioVersion = 17.5.33530.505
MinimumVisualStudioVersion = 10.0.40219.1
Project("{FAE04EC0-301F-11D3-BF4B-00C04F79EFBC}") = "BlogApi", "BlogApi.csproj", "{141B8AB5-DDC3-4AF4-8976-E7774FEC06C5}"
EndProject
Global
	GlobalSection(SolutionConfigurationPlatforms) = preSolution
		Debug|Any CPU = Debug|Any CPU
		Release|Any CPU = Release|Any CPU
	EndGlobalSection
	GlobalSection(ProjectConfigurationPlatforms) = postSolution
		{141B8AB5-DDC3-4AF4-8976-E7774FEC06C5}.Debug|Any CPU.ActiveCfg = Debug|Any CPU
		{141B8AB5-DDC3-4AF4-8976-E7774FEC06C5}.Debug|Any CPU.Build.0 = Debug|Any CPU
		{141B8AB5-DDC3-4AF4-8976-E7774FEC06C5}.Release|Any CPU.ActiveCfg = Release|Any CPU
		{141B8AB5-DDC3-4AF4-8976-E7774FEC06C5}.Release|Any CPU.Build.0 = Release|Any CPU
	EndGlobalSection
	GlobalSection(SolutionProperties) = preSolution
		HideSolutionNode = FALSE
	EndGlobalSection
	GlobalSection(ExtensibilityGlobals) = postSolution
		SolutionGuid = {F89737C4-B6D0-4763-8096-0AAF6728F11D}
	EndGlobalSection
EndGlobal
